
Microsoft Visual Studio Solution File, Format Version 12.00
# Visual Studio Version 17
VisualStudioVersion = 17.13.35825.156 d17.13
MinimumVisualStudioVersion = 10.0.40219.1
Project("{FAE04EC0-301F-11D3-BF4B-00C04F79EFBC}") = "OnlineRestaurant", "OnlineRestaurant\OnlineRestaurant.csproj", "{BBEFF5ED-455A-4AC2-A357-D60858D9318E}"
EndProject
Global
	GlobalSection(SolutionConfigurationPlatforms) = preSolution
		Debug|Any CPU = Debug|Any CPU
		Release|Any CPU = Release|Any CPU
	EndGlobalSection
	GlobalSection(ProjectConfigurationPlatforms) = postSolution
		{BBEFF5ED-455A-4AC2-A357-D60858D9318E}.Debug|Any CPU.ActiveCfg = Debug|Any CPU
		{BBEFF5ED-455A-4AC2-A357-D60858D9318E}.Debug|Any CPU.Build.0 = Debug|Any CPU
		{BBEFF5ED-455A-4AC2-A357-D60858D9318E}.Release|Any CPU.ActiveCfg = Release|Any CPU
		{BBEFF5ED-455A-4AC2-A357-D60858D9318E}.Release|Any CPU.Build.0 = Release|Any CPU
	EndGlobalSection
	GlobalSection(SolutionProperties) = preSolution
		HideSolutionNode = FALSE
	EndGlobalSection
	GlobalSection(ExtensibilityGlobals) = postSolution
		SolutionGuid = {EF2FCBF5-760E-4AAF-B3FA-E0DFCB13CF38}
	EndGlobalSection
EndGlobal
